
Microsoft Visual Studio Solution File, Format Version 12.00
# Visual Studio Version 16
VisualStudioVersion = 16.0.30104.148
MinimumVisualStudioVersion = 15.0.26124.0
Project("{9A19103F-16F7-4668-BE54-9A1E7A4F7556}") = "CompetentieAppFrontend.Api", "CompetentieAppFrontend.Api\CompetentieAppFrontend.Api.csproj", "{98FE63C2-DCCA-4811-B25A-E4D29B7ECDD8}"
EndProject
Project("{9A19103F-16F7-4668-BE54-9A1E7A4F7556}") = "CompetentieAppFrontend.Domain", "CompetentieAppFrontend.Domain\CompetentieAppFrontend.Domain.csproj", "{097C8298-B72D-4EF4-B4AA-97318F311BF2}"
EndProject
Project("{9A19103F-16F7-4668-BE54-9A1E7A4F7556}") = "CompetentieAppFrontend.Infrastructure", "CompetentieAppFrontend.Infrastructure\CompetentieAppFrontend.Infrastructure.csproj", "{E3636122-BA01-4E66-A51C-B82F93827518}"
EndProject
Project("{9A19103F-16F7-4668-BE54-9A1E7A4F7556}") = "CompetentieAppFrontend.Infrastructure.Test", "CompetentieAppFrontend.Infrastructure.Test\CompetentieAppFrontend.Infrastructure.Test.csproj", "{CB7C1CCD-D7A3-4EC4-824E-577311420A0A}"
EndProject
Project("{9A19103F-16F7-4668-BE54-9A1E7A4F7556}") = "CompetentieAppFrontend.Services", "CompetentieAppFrontend.Services\CompetentieAppFrontend.Services.csproj", "{A287EF29-7FF8-4CB6-94BA-3C55B97949C1}"
EndProject
Project("{9A19103F-16F7-4668-BE54-9A1E7A4F7556}") = "CompetentieAppFrontend.Services.Test", "CompetentieAppFrontend.Services.Test\CompetentieAppFrontend.Services.Test.csproj", "{55365C9F-9E46-4EA1-878B-2E6E1FADD37B}"
EndProject
Project("{9A19103F-16F7-4668-BE54-9A1E7A4F7556}") = "CompetentieAppFrontend.IntegrationTest", "CompetentieAppFrontend.IntegrationTest\CompetentieAppFrontend.IntegrationTest.csproj", "{D5CDA67F-9387-4449-9926-77CCA80D25E9}"
EndProject
Project("{9A19103F-16F7-4668-BE54-9A1E7A4F7556}") = "CompetentieAppFrontend.Api.Test", "CompetentieAppFrontend.Api.Test\CompetentieAppFrontend.Api.Test.csproj", "{5536B8D0-EF9C-4522-A5AF-E00FABF03540}"
EndProject
Project("{FAE04EC0-301F-11D3-BF4B-00C04F79EFBC}") = "CompetentieAppFrontend.Constants", "CompetentieAppFrontend.Constants\CompetentieAppFrontend.Constants.csproj", "{45EA21F9-5EC0-4881-9190-22A3DD0CA318}"
EndProject
Global
	GlobalSection(SolutionConfigurationPlatforms) = preSolution
		Debug|Any CPU = Debug|Any CPU
		Debug|x64 = Debug|x64
		Debug|x86 = Debug|x86
		Release|Any CPU = Release|Any CPU
		Release|x64 = Release|x64
		Release|x86 = Release|x86
	EndGlobalSection
	GlobalSection(ProjectConfigurationPlatforms) = postSolution
		{98FE63C2-DCCA-4811-B25A-E4D29B7ECDD8}.Debug|Any CPU.ActiveCfg = Debug|Any CPU
		{98FE63C2-DCCA-4811-B25A-E4D29B7ECDD8}.Debug|Any CPU.Build.0 = Debug|Any CPU
		{98FE63C2-DCCA-4811-B25A-E4D29B7ECDD8}.Debug|x64.ActiveCfg = Debug|Any CPU
		{98FE63C2-DCCA-4811-B25A-E4D29B7ECDD8}.Debug|x64.Build.0 = Debug|Any CPU
		{98FE63C2-DCCA-4811-B25A-E4D29B7ECDD8}.Debug|x86.ActiveCfg = Debug|Any CPU
		{98FE63C2-DCCA-4811-B25A-E4D29B7ECDD8}.Debug|x86.Build.0 = Debug|Any CPU
		{98FE63C2-DCCA-4811-B25A-E4D29B7ECDD8}.Release|Any CPU.ActiveCfg = Release|Any CPU
		{98FE63C2-DCCA-4811-B25A-E4D29B7ECDD8}.Release|Any CPU.Build.0 = Release|Any CPU
		{98FE63C2-DCCA-4811-B25A-E4D29B7ECDD8}.Release|x64.ActiveCfg = Release|Any CPU
		{98FE63C2-DCCA-4811-B25A-E4D29B7ECDD8}.Release|x64.Build.0 = Release|Any CPU
		{98FE63C2-DCCA-4811-B25A-E4D29B7ECDD8}.Release|x86.ActiveCfg = Release|Any CPU
		{98FE63C2-DCCA-4811-B25A-E4D29B7ECDD8}.Release|x86.Build.0 = Release|Any CPU
		{097C8298-B72D-4EF4-B4AA-97318F311BF2}.Debug|Any CPU.ActiveCfg = Debug|Any CPU
		{097C8298-B72D-4EF4-B4AA-97318F311BF2}.Debug|Any CPU.Build.0 = Debug|Any CPU
		{097C8298-B72D-4EF4-B4AA-97318F311BF2}.Debug|x64.ActiveCfg = Debug|Any CPU
		{097C8298-B72D-4EF4-B4AA-97318F311BF2}.Debug|x64.Build.0 = Debug|Any CPU
		{097C8298-B72D-4EF4-B4AA-97318F311BF2}.Debug|x86.ActiveCfg = Debug|Any CPU
		{097C8298-B72D-4EF4-B4AA-97318F311BF2}.Debug|x86.Build.0 = Debug|Any CPU
		{097C8298-B72D-4EF4-B4AA-97318F311BF2}.Release|Any CPU.ActiveCfg = Release|Any CPU
		{097C8298-B72D-4EF4-B4AA-97318F311BF2}.Release|Any CPU.Build.0 = Release|Any CPU
		{097C8298-B72D-4EF4-B4AA-97318F311BF2}.Release|x64.ActiveCfg = Release|Any CPU
		{097C8298-B72D-4EF4-B4AA-97318F311BF2}.Release|x64.Build.0 = Release|Any CPU
		{097C8298-B72D-4EF4-B4AA-97318F311BF2}.Release|x86.ActiveCfg = Release|Any CPU
		{097C8298-B72D-4EF4-B4AA-97318F311BF2}.Release|x86.Build.0 = Release|Any CPU
		{E3636122-BA01-4E66-A51C-B82F93827518}.Debug|Any CPU.ActiveCfg = Debug|Any CPU
		{E3636122-BA01-4E66-A51C-B82F93827518}.Debug|Any CPU.Build.0 = Debug|Any CPU
		{E3636122-BA01-4E66-A51C-B82F93827518}.Debug|x64.ActiveCfg = Debug|Any CPU
		{E3636122-BA01-4E66-A51C-B82F93827518}.Debug|x64.Build.0 = Debug|Any CPU
		{E3636122-BA01-4E66-A51C-B82F93827518}.Debug|x86.ActiveCfg = Debug|Any CPU
		{E3636122-BA01-4E66-A51C-B82F93827518}.Debug|x86.Build.0 = Debug|Any CPU
		{E3636122-BA01-4E66-A51C-B82F93827518}.Release|Any CPU.ActiveCfg = Release|Any CPU
		{E3636122-BA01-4E66-A51C-B82F93827518}.Release|Any CPU.Build.0 = Release|Any CPU
		{E3636122-BA01-4E66-A51C-B82F93827518}.Release|x64.ActiveCfg = Release|Any CPU
		{E3636122-BA01-4E66-A51C-B82F93827518}.Release|x64.Build.0 = Release|Any CPU
		{E3636122-BA01-4E66-A51C-B82F93827518}.Release|x86.ActiveCfg = Release|Any CPU
		{E3636122-BA01-4E66-A51C-B82F93827518}.Release|x86.Build.0 = Release|Any CPU
		{CB7C1CCD-D7A3-4EC4-824E-577311420A0A}.Debug|Any CPU.ActiveCfg = Debug|Any CPU
		{CB7C1CCD-D7A3-4EC4-824E-577311420A0A}.Debug|Any CPU.Build.0 = Debug|Any CPU
		{CB7C1CCD-D7A3-4EC4-824E-577311420A0A}.Debug|x64.ActiveCfg = Debug|Any CPU
		{CB7C1CCD-D7A3-4EC4-824E-577311420A0A}.Debug|x64.Build.0 = Debug|Any CPU
		{CB7C1CCD-D7A3-4EC4-824E-577311420A0A}.Debug|x86.ActiveCfg = Debug|Any CPU
		{CB7C1CCD-D7A3-4EC4-824E-577311420A0A}.Debug|x86.Build.0 = Debug|Any CPU
		{CB7C1CCD-D7A3-4EC4-824E-577311420A0A}.Release|Any CPU.ActiveCfg = Release|Any CPU
		{CB7C1CCD-D7A3-4EC4-824E-577311420A0A}.Release|Any CPU.Build.0 = Release|Any CPU
		{CB7C1CCD-D7A3-4EC4-824E-577311420A0A}.Release|x64.ActiveCfg = Release|Any CPU
		{CB7C1CCD-D7A3-4EC4-824E-577311420A0A}.Release|x64.Build.0 = Release|Any CPU
		{CB7C1CCD-D7A3-4EC4-824E-577311420A0A}.Release|x86.ActiveCfg = Release|Any CPU
		{CB7C1CCD-D7A3-4EC4-824E-577311420A0A}.Release|x86.Build.0 = Release|Any CPU
		{A287EF29-7FF8-4CB6-94BA-3C55B97949C1}.Debug|Any CPU.ActiveCfg = Debug|Any CPU
		{A287EF29-7FF8-4CB6-94BA-3C55B97949C1}.Debug|Any CPU.Build.0 = Debug|Any CPU
		{A287EF29-7FF8-4CB6-94BA-3C55B97949C1}.Debug|x64.ActiveCfg = Debug|Any CPU
		{A287EF29-7FF8-4CB6-94BA-3C55B97949C1}.Debug|x64.Build.0 = Debug|Any CPU
		{A287EF29-7FF8-4CB6-94BA-3C55B97949C1}.Debug|x86.ActiveCfg = Debug|Any CPU
		{A287EF29-7FF8-4CB6-94BA-3C55B97949C1}.Debug|x86.Build.0 = Debug|Any CPU
		{A287EF29-7FF8-4CB6-94BA-3C55B97949C1}.Release|Any CPU.ActiveCfg = Release|Any CPU
		{A287EF29-7FF8-4CB6-94BA-3C55B97949C1}.Release|Any CPU.Build.0 = Release|Any CPU
		{A287EF29-7FF8-4CB6-94BA-3C55B97949C1}.Release|x64.ActiveCfg = Release|Any CPU
		{A287EF29-7FF8-4CB6-94BA-3C55B97949C1}.Release|x64.Build.0 = Release|Any CPU
		{A287EF29-7FF8-4CB6-94BA-3C55B97949C1}.Release|x86.ActiveCfg = Release|Any CPU
		{A287EF29-7FF8-4CB6-94BA-3C55B97949C1}.Release|x86.Build.0 = Release|Any CPU
		{55365C9F-9E46-4EA1-878B-2E6E1FADD37B}.Debug|Any CPU.ActiveCfg = Debug|Any CPU
		{55365C9F-9E46-4EA1-878B-2E6E1FADD37B}.Debug|Any CPU.Build.0 = Debug|Any CPU
		{55365C9F-9E46-4EA1-878B-2E6E1FADD37B}.Debug|x64.ActiveCfg = Debug|Any CPU
		{55365C9F-9E46-4EA1-878B-2E6E1FADD37B}.Debug|x64.Build.0 = Debug|Any CPU
		{55365C9F-9E46-4EA1-878B-2E6E1FADD37B}.Debug|x86.ActiveCfg = Debug|Any CPU
		{55365C9F-9E46-4EA1-878B-2E6E1FADD37B}.Debug|x86.Build.0 = Debug|Any CPU
		{55365C9F-9E46-4EA1-878B-2E6E1FADD37B}.Release|Any CPU.ActiveCfg = Release|Any CPU
		{55365C9F-9E46-4EA1-878B-2E6E1FADD37B}.Release|Any CPU.Build.0 = Release|Any CPU
		{55365C9F-9E46-4EA1-878B-2E6E1FADD37B}.Release|x64.ActiveCfg = Release|Any CPU
		{55365C9F-9E46-4EA1-878B-2E6E1FADD37B}.Release|x64.Build.0 = Release|Any CPU
		{55365C9F-9E46-4EA1-878B-2E6E1FADD37B}.Release|x86.ActiveCfg = Release|Any CPU
		{55365C9F-9E46-4EA1-878B-2E6E1FADD37B}.Release|x86.Build.0 = Release|Any CPU
		{D5CDA67F-9387-4449-9926-77CCA80D25E9}.Debug|Any CPU.ActiveCfg = Debug|Any CPU
		{D5CDA67F-9387-4449-9926-77CCA80D25E9}.Debug|Any CPU.Build.0 = Debug|Any CPU
		{D5CDA67F-9387-4449-9926-77CCA80D25E9}.Debug|x64.ActiveCfg = Debug|Any CPU
		{D5CDA67F-9387-4449-9926-77CCA80D25E9}.Debug|x64.Build.0 = Debug|Any CPU
		{D5CDA67F-9387-4449-9926-77CCA80D25E9}.Debug|x86.ActiveCfg = Debug|Any CPU
		{D5CDA67F-9387-4449-9926-77CCA80D25E9}.Debug|x86.Build.0 = Debug|Any CPU
		{D5CDA67F-9387-4449-9926-77CCA80D25E9}.Release|Any CPU.ActiveCfg = Release|Any CPU
		{D5CDA67F-9387-4449-9926-77CCA80D25E9}.Release|Any CPU.Build.0 = Release|Any CPU
		{D5CDA67F-9387-4449-9926-77CCA80D25E9}.Release|x64.ActiveCfg = Release|Any CPU
		{D5CDA67F-9387-4449-9926-77CCA80D25E9}.Release|x64.Build.0 = Release|Any CPU
		{D5CDA67F-9387-4449-9926-77CCA80D25E9}.Release|x86.ActiveCfg = Release|Any CPU
		{D5CDA67F-9387-4449-9926-77CCA80D25E9}.Release|x86.Build.0 = Release|Any CPU
		{5536B8D0-EF9C-4522-A5AF-E00FABF03540}.Debug|Any CPU.ActiveCfg = Debug|Any CPU
		{5536B8D0-EF9C-4522-A5AF-E00FABF03540}.Debug|Any CPU.Build.0 = Debug|Any CPU
		{5536B8D0-EF9C-4522-A5AF-E00FABF03540}.Debug|x64.ActiveCfg = Debug|Any CPU
		{5536B8D0-EF9C-4522-A5AF-E00FABF03540}.Debug|x64.Build.0 = Debug|Any CPU
		{5536B8D0-EF9C-4522-A5AF-E00FABF03540}.Debug|x86.ActiveCfg = Debug|Any CPU
		{5536B8D0-EF9C-4522-A5AF-E00FABF03540}.Debug|x86.Build.0 = Debug|Any CPU
		{5536B8D0-EF9C-4522-A5AF-E00FABF03540}.Release|Any CPU.ActiveCfg = Release|Any CPU
		{5536B8D0-EF9C-4522-A5AF-E00FABF03540}.Release|Any CPU.Build.0 = Release|Any CPU
		{5536B8D0-EF9C-4522-A5AF-E00FABF03540}.Release|x64.ActiveCfg = Release|Any CPU
		{5536B8D0-EF9C-4522-A5AF-E00FABF03540}.Release|x64.Build.0 = Release|Any CPU
		{5536B8D0-EF9C-4522-A5AF-E00FABF03540}.Release|x86.ActiveCfg = Release|Any CPU
		{5536B8D0-EF9C-4522-A5AF-E00FABF03540}.Release|x86.Build.0 = Release|Any CPU
		{45EA21F9-5EC0-4881-9190-22A3DD0CA318}.Debug|Any CPU.ActiveCfg = Debug|Any CPU
		{45EA21F9-5EC0-4881-9190-22A3DD0CA318}.Debug|Any CPU.Build.0 = Debug|Any CPU
		{45EA21F9-5EC0-4881-9190-22A3DD0CA318}.Debug|x64.ActiveCfg = Debug|Any CPU
		{45EA21F9-5EC0-4881-9190-22A3DD0CA318}.Debug|x64.Build.0 = Debug|Any CPU
		{45EA21F9-5EC0-4881-9190-22A3DD0CA318}.Debug|x86.ActiveCfg = Debug|Any CPU
		{45EA21F9-5EC0-4881-9190-22A3DD0CA318}.Debug|x86.Build.0 = Debug|Any CPU
		{45EA21F9-5EC0-4881-9190-22A3DD0CA318}.Release|Any CPU.ActiveCfg = Release|Any CPU
		{45EA21F9-5EC0-4881-9190-22A3DD0CA318}.Release|Any CPU.Build.0 = Release|Any CPU
		{45EA21F9-5EC0-4881-9190-22A3DD0CA318}.Release|x64.ActiveCfg = Release|Any CPU
		{45EA21F9-5EC0-4881-9190-22A3DD0CA318}.Release|x64.Build.0 = Release|Any CPU
		{45EA21F9-5EC0-4881-9190-22A3DD0CA318}.Release|x86.ActiveCfg = Release|Any CPU
		{45EA21F9-5EC0-4881-9190-22A3DD0CA318}.Release|x86.Build.0 = Release|Any CPU
	EndGlobalSection
	GlobalSection(SolutionProperties) = preSolution
		HideSolutionNode = FALSE
	EndGlobalSection
	GlobalSection(ExtensibilityGlobals) = postSolution
		SolutionGuid = {D5B3192D-FC73-4CF3-A635-856AEDC65782}
	EndGlobalSection
EndGlobal
