
Microsoft Visual Studio Solution File, Format Version 12.00
# Visual Studio 15
VisualStudioVersion = 15.0.26124.0
MinimumVisualStudioVersion = 15.0.26124.0
Project("{FAE04EC0-301F-11D3-BF4B-00C04F79EFBC}") = "DemoFrontend", "DemoFrontend\DemoFrontend.csproj", "{721DB6C6-D4D3-41EB-AF98-15084E0CC3E0}"
EndProject
Project("{FAE04EC0-301F-11D3-BF4B-00C04F79EFBC}") = "Component", "Component\Component.csproj", "{D1900F1F-2368-4807-8FF5-B492DBDEDC56}"
EndProject
Project("{FAE04EC0-301F-11D3-BF4B-00C04F79EFBC}") = "Integration", "Integration\Integration.csproj", "{5F9EBFD0-ADBB-41F3-BE81-5B56B6176276}"
EndProject
Project("{FAE04EC0-301F-11D3-BF4B-00C04F79EFBC}") = "Unit", "Unit\Unit.csproj", "{721D5C29-53F2-432A-99B6-E776DE959606}"
EndProject
Global
	GlobalSection(SolutionConfigurationPlatforms) = preSolution
		Debug|Any CPU = Debug|Any CPU
		Debug|x64 = Debug|x64
		Debug|x86 = Debug|x86
		Release|Any CPU = Release|Any CPU
		Release|x64 = Release|x64
		Release|x86 = Release|x86
	EndGlobalSection
	GlobalSection(SolutionProperties) = preSolution
		HideSolutionNode = FALSE
	EndGlobalSection
	GlobalSection(ProjectConfigurationPlatforms) = postSolution
		{721DB6C6-D4D3-41EB-AF98-15084E0CC3E0}.Debug|Any CPU.ActiveCfg = Debug|Any CPU
		{721DB6C6-D4D3-41EB-AF98-15084E0CC3E0}.Debug|Any CPU.Build.0 = Debug|Any CPU
		{721DB6C6-D4D3-41EB-AF98-15084E0CC3E0}.Debug|x64.ActiveCfg = Debug|Any CPU
		{721DB6C6-D4D3-41EB-AF98-15084E0CC3E0}.Debug|x64.Build.0 = Debug|Any CPU
		{721DB6C6-D4D3-41EB-AF98-15084E0CC3E0}.Debug|x86.ActiveCfg = Debug|Any CPU
		{721DB6C6-D4D3-41EB-AF98-15084E0CC3E0}.Debug|x86.Build.0 = Debug|Any CPU
		{721DB6C6-D4D3-41EB-AF98-15084E0CC3E0}.Release|Any CPU.ActiveCfg = Release|Any CPU
		{721DB6C6-D4D3-41EB-AF98-15084E0CC3E0}.Release|Any CPU.Build.0 = Release|Any CPU
		{721DB6C6-D4D3-41EB-AF98-15084E0CC3E0}.Release|x64.ActiveCfg = Release|Any CPU
		{721DB6C6-D4D3-41EB-AF98-15084E0CC3E0}.Release|x64.Build.0 = Release|Any CPU
		{721DB6C6-D4D3-41EB-AF98-15084E0CC3E0}.Release|x86.ActiveCfg = Release|Any CPU
		{721DB6C6-D4D3-41EB-AF98-15084E0CC3E0}.Release|x86.Build.0 = Release|Any CPU
		{D1900F1F-2368-4807-8FF5-B492DBDEDC56}.Debug|Any CPU.ActiveCfg = Debug|Any CPU
		{D1900F1F-2368-4807-8FF5-B492DBDEDC56}.Debug|Any CPU.Build.0 = Debug|Any CPU
		{D1900F1F-2368-4807-8FF5-B492DBDEDC56}.Debug|x64.ActiveCfg = Debug|Any CPU
		{D1900F1F-2368-4807-8FF5-B492DBDEDC56}.Debug|x64.Build.0 = Debug|Any CPU
		{D1900F1F-2368-4807-8FF5-B492DBDEDC56}.Debug|x86.ActiveCfg = Debug|Any CPU
		{D1900F1F-2368-4807-8FF5-B492DBDEDC56}.Debug|x86.Build.0 = Debug|Any CPU
		{D1900F1F-2368-4807-8FF5-B492DBDEDC56}.Release|Any CPU.ActiveCfg = Release|Any CPU
		{D1900F1F-2368-4807-8FF5-B492DBDEDC56}.Release|Any CPU.Build.0 = Release|Any CPU
		{D1900F1F-2368-4807-8FF5-B492DBDEDC56}.Release|x64.ActiveCfg = Release|Any CPU
		{D1900F1F-2368-4807-8FF5-B492DBDEDC56}.Release|x64.Build.0 = Release|Any CPU
		{D1900F1F-2368-4807-8FF5-B492DBDEDC56}.Release|x86.ActiveCfg = Release|Any CPU
		{D1900F1F-2368-4807-8FF5-B492DBDEDC56}.Release|x86.Build.0 = Release|Any CPU
		{5F9EBFD0-ADBB-41F3-BE81-5B56B6176276}.Debug|Any CPU.ActiveCfg = Debug|Any CPU
		{5F9EBFD0-ADBB-41F3-BE81-5B56B6176276}.Debug|Any CPU.Build.0 = Debug|Any CPU
		{5F9EBFD0-ADBB-41F3-BE81-5B56B6176276}.Debug|x64.ActiveCfg = Debug|Any CPU
		{5F9EBFD0-ADBB-41F3-BE81-5B56B6176276}.Debug|x64.Build.0 = Debug|Any CPU
		{5F9EBFD0-ADBB-41F3-BE81-5B56B6176276}.Debug|x86.ActiveCfg = Debug|Any CPU
		{5F9EBFD0-ADBB-41F3-BE81-5B56B6176276}.Debug|x86.Build.0 = Debug|Any CPU
		{5F9EBFD0-ADBB-41F3-BE81-5B56B6176276}.Release|Any CPU.ActiveCfg = Release|Any CPU
		{5F9EBFD0-ADBB-41F3-BE81-5B56B6176276}.Release|Any CPU.Build.0 = Release|Any CPU
		{5F9EBFD0-ADBB-41F3-BE81-5B56B6176276}.Release|x64.ActiveCfg = Release|Any CPU
		{5F9EBFD0-ADBB-41F3-BE81-5B56B6176276}.Release|x64.Build.0 = Release|Any CPU
		{5F9EBFD0-ADBB-41F3-BE81-5B56B6176276}.Release|x86.ActiveCfg = Release|Any CPU
		{5F9EBFD0-ADBB-41F3-BE81-5B56B6176276}.Release|x86.Build.0 = Release|Any CPU
		{721D5C29-53F2-432A-99B6-E776DE959606}.Debug|Any CPU.ActiveCfg = Debug|Any CPU
		{721D5C29-53F2-432A-99B6-E776DE959606}.Debug|Any CPU.Build.0 = Debug|Any CPU
		{721D5C29-53F2-432A-99B6-E776DE959606}.Debug|x64.ActiveCfg = Debug|Any CPU
		{721D5C29-53F2-432A-99B6-E776DE959606}.Debug|x64.Build.0 = Debug|Any CPU
		{721D5C29-53F2-432A-99B6-E776DE959606}.Debug|x86.ActiveCfg = Debug|Any CPU
		{721D5C29-53F2-432A-99B6-E776DE959606}.Debug|x86.Build.0 = Debug|Any CPU
		{721D5C29-53F2-432A-99B6-E776DE959606}.Release|Any CPU.ActiveCfg = Release|Any CPU
		{721D5C29-53F2-432A-99B6-E776DE959606}.Release|Any CPU.Build.0 = Release|Any CPU
		{721D5C29-53F2-432A-99B6-E776DE959606}.Release|x64.ActiveCfg = Release|Any CPU
		{721D5C29-53F2-432A-99B6-E776DE959606}.Release|x64.Build.0 = Release|Any CPU
		{721D5C29-53F2-432A-99B6-E776DE959606}.Release|x86.ActiveCfg = Release|Any CPU
		{721D5C29-53F2-432A-99B6-E776DE959606}.Release|x86.Build.0 = Release|Any CPU
	EndGlobalSection
EndGlobal
