
Microsoft Visual Studio Solution File, Format Version 12.00
# Visual Studio 15
VisualStudioVersion = 15.0.26124.0
MinimumVisualStudioVersion = 15.0.26124.0
Project("{FAE04EC0-301F-11D3-BF4B-00C04F79EFBC}") = "Demo.Api", "Demo.Api\Demo.Api.csproj", "{95230D31-D621-48C6-B805-CA6D12B1EA67}"
EndProject
Project("{FAE04EC0-301F-11D3-BF4B-00C04F79EFBC}") = "Demo.Api.Test", "Demo.Api.Test\Demo.Api.Test.csproj", "{ECAF4973-3F19-465E-A0D5-DB37C9C0385D}"
EndProject
Project("{FAE04EC0-301F-11D3-BF4B-00C04F79EFBC}") = "Demo.Api.IntegrationTest", "Demo.Api.IntegrationTest\Demo.Api.IntegrationTest.csproj", "{2EDC748B-8F7F-4124-A73A-7AB67D87F901}"
EndProject
Project("{FAE04EC0-301F-11D3-BF4B-00C04F79EFBC}") = "Demo.Spec", "Demo.Spec\Demo.Spec.csproj", "{338C0809-DCAF-41C4-B287-5D7346BBF4C5}"
EndProject
Project("{FAE04EC0-301F-11D3-BF4B-00C04F79EFBC}") = "Demo.Api.ComponentTest", "Demo.Api.ComponentTest\Demo.Api.ComponentTest.csproj", "{8DBBAE4B-49FC-4F0E-B52F-A6742423703F}"
EndProject
Global
	GlobalSection(SolutionConfigurationPlatforms) = preSolution
		Debug|Any CPU = Debug|Any CPU
		Debug|x64 = Debug|x64
		Debug|x86 = Debug|x86
		Release|Any CPU = Release|Any CPU
		Release|x64 = Release|x64
		Release|x86 = Release|x86
	EndGlobalSection
	GlobalSection(SolutionProperties) = preSolution
		HideSolutionNode = FALSE
	EndGlobalSection
	GlobalSection(ProjectConfigurationPlatforms) = postSolution
		{95230D31-D621-48C6-B805-CA6D12B1EA67}.Debug|Any CPU.ActiveCfg = Debug|Any CPU
		{95230D31-D621-48C6-B805-CA6D12B1EA67}.Debug|Any CPU.Build.0 = Debug|Any CPU
		{95230D31-D621-48C6-B805-CA6D12B1EA67}.Debug|x64.ActiveCfg = Debug|Any CPU
		{95230D31-D621-48C6-B805-CA6D12B1EA67}.Debug|x64.Build.0 = Debug|Any CPU
		{95230D31-D621-48C6-B805-CA6D12B1EA67}.Debug|x86.ActiveCfg = Debug|Any CPU
		{95230D31-D621-48C6-B805-CA6D12B1EA67}.Debug|x86.Build.0 = Debug|Any CPU
		{95230D31-D621-48C6-B805-CA6D12B1EA67}.Release|Any CPU.ActiveCfg = Release|Any CPU
		{95230D31-D621-48C6-B805-CA6D12B1EA67}.Release|Any CPU.Build.0 = Release|Any CPU
		{95230D31-D621-48C6-B805-CA6D12B1EA67}.Release|x64.ActiveCfg = Release|Any CPU
		{95230D31-D621-48C6-B805-CA6D12B1EA67}.Release|x64.Build.0 = Release|Any CPU
		{95230D31-D621-48C6-B805-CA6D12B1EA67}.Release|x86.ActiveCfg = Release|Any CPU
		{95230D31-D621-48C6-B805-CA6D12B1EA67}.Release|x86.Build.0 = Release|Any CPU
		{ECAF4973-3F19-465E-A0D5-DB37C9C0385D}.Debug|Any CPU.ActiveCfg = Debug|Any CPU
		{ECAF4973-3F19-465E-A0D5-DB37C9C0385D}.Debug|Any CPU.Build.0 = Debug|Any CPU
		{ECAF4973-3F19-465E-A0D5-DB37C9C0385D}.Debug|x64.ActiveCfg = Debug|Any CPU
		{ECAF4973-3F19-465E-A0D5-DB37C9C0385D}.Debug|x64.Build.0 = Debug|Any CPU
		{ECAF4973-3F19-465E-A0D5-DB37C9C0385D}.Debug|x86.ActiveCfg = Debug|Any CPU
		{ECAF4973-3F19-465E-A0D5-DB37C9C0385D}.Debug|x86.Build.0 = Debug|Any CPU
		{ECAF4973-3F19-465E-A0D5-DB37C9C0385D}.Release|Any CPU.ActiveCfg = Release|Any CPU
		{ECAF4973-3F19-465E-A0D5-DB37C9C0385D}.Release|Any CPU.Build.0 = Release|Any CPU
		{ECAF4973-3F19-465E-A0D5-DB37C9C0385D}.Release|x64.ActiveCfg = Release|Any CPU
		{ECAF4973-3F19-465E-A0D5-DB37C9C0385D}.Release|x64.Build.0 = Release|Any CPU
		{ECAF4973-3F19-465E-A0D5-DB37C9C0385D}.Release|x86.ActiveCfg = Release|Any CPU
		{ECAF4973-3F19-465E-A0D5-DB37C9C0385D}.Release|x86.Build.0 = Release|Any CPU
		{2EDC748B-8F7F-4124-A73A-7AB67D87F901}.Debug|Any CPU.ActiveCfg = Debug|Any CPU
		{2EDC748B-8F7F-4124-A73A-7AB67D87F901}.Debug|Any CPU.Build.0 = Debug|Any CPU
		{2EDC748B-8F7F-4124-A73A-7AB67D87F901}.Debug|x64.ActiveCfg = Debug|Any CPU
		{2EDC748B-8F7F-4124-A73A-7AB67D87F901}.Debug|x64.Build.0 = Debug|Any CPU
		{2EDC748B-8F7F-4124-A73A-7AB67D87F901}.Debug|x86.ActiveCfg = Debug|Any CPU
		{2EDC748B-8F7F-4124-A73A-7AB67D87F901}.Debug|x86.Build.0 = Debug|Any CPU
		{2EDC748B-8F7F-4124-A73A-7AB67D87F901}.Release|Any CPU.ActiveCfg = Release|Any CPU
		{2EDC748B-8F7F-4124-A73A-7AB67D87F901}.Release|Any CPU.Build.0 = Release|Any CPU
		{2EDC748B-8F7F-4124-A73A-7AB67D87F901}.Release|x64.ActiveCfg = Release|Any CPU
		{2EDC748B-8F7F-4124-A73A-7AB67D87F901}.Release|x64.Build.0 = Release|Any CPU
		{2EDC748B-8F7F-4124-A73A-7AB67D87F901}.Release|x86.ActiveCfg = Release|Any CPU
		{2EDC748B-8F7F-4124-A73A-7AB67D87F901}.Release|x86.Build.0 = Release|Any CPU
		{338C0809-DCAF-41C4-B287-5D7346BBF4C5}.Debug|Any CPU.ActiveCfg = Debug|Any CPU
		{338C0809-DCAF-41C4-B287-5D7346BBF4C5}.Debug|Any CPU.Build.0 = Debug|Any CPU
		{338C0809-DCAF-41C4-B287-5D7346BBF4C5}.Debug|x64.ActiveCfg = Debug|Any CPU
		{338C0809-DCAF-41C4-B287-5D7346BBF4C5}.Debug|x64.Build.0 = Debug|Any CPU
		{338C0809-DCAF-41C4-B287-5D7346BBF4C5}.Debug|x86.ActiveCfg = Debug|Any CPU
		{338C0809-DCAF-41C4-B287-5D7346BBF4C5}.Debug|x86.Build.0 = Debug|Any CPU
		{338C0809-DCAF-41C4-B287-5D7346BBF4C5}.Release|Any CPU.ActiveCfg = Release|Any CPU
		{338C0809-DCAF-41C4-B287-5D7346BBF4C5}.Release|Any CPU.Build.0 = Release|Any CPU
		{338C0809-DCAF-41C4-B287-5D7346BBF4C5}.Release|x64.ActiveCfg = Release|Any CPU
		{338C0809-DCAF-41C4-B287-5D7346BBF4C5}.Release|x64.Build.0 = Release|Any CPU
		{338C0809-DCAF-41C4-B287-5D7346BBF4C5}.Release|x86.ActiveCfg = Release|Any CPU
		{338C0809-DCAF-41C4-B287-5D7346BBF4C5}.Release|x86.Build.0 = Release|Any CPU
		{8DBBAE4B-49FC-4F0E-B52F-A6742423703F}.Debug|Any CPU.ActiveCfg = Debug|Any CPU
		{8DBBAE4B-49FC-4F0E-B52F-A6742423703F}.Debug|Any CPU.Build.0 = Debug|Any CPU
		{8DBBAE4B-49FC-4F0E-B52F-A6742423703F}.Debug|x64.ActiveCfg = Debug|Any CPU
		{8DBBAE4B-49FC-4F0E-B52F-A6742423703F}.Debug|x64.Build.0 = Debug|Any CPU
		{8DBBAE4B-49FC-4F0E-B52F-A6742423703F}.Debug|x86.ActiveCfg = Debug|Any CPU
		{8DBBAE4B-49FC-4F0E-B52F-A6742423703F}.Debug|x86.Build.0 = Debug|Any CPU
		{8DBBAE4B-49FC-4F0E-B52F-A6742423703F}.Release|Any CPU.ActiveCfg = Release|Any CPU
		{8DBBAE4B-49FC-4F0E-B52F-A6742423703F}.Release|Any CPU.Build.0 = Release|Any CPU
		{8DBBAE4B-49FC-4F0E-B52F-A6742423703F}.Release|x64.ActiveCfg = Release|Any CPU
		{8DBBAE4B-49FC-4F0E-B52F-A6742423703F}.Release|x64.Build.0 = Release|Any CPU
		{8DBBAE4B-49FC-4F0E-B52F-A6742423703F}.Release|x86.ActiveCfg = Release|Any CPU
		{8DBBAE4B-49FC-4F0E-B52F-A6742423703F}.Release|x86.Build.0 = Release|Any CPU
	EndGlobalSection
EndGlobal
